// !$*UTF8*$!
{
	archiveVersion = 1;
	classes = {
	};
	objectVersion = 55;
	objects = {

/* Begin PBXBuildFile section */
		18BA2E2A2726E01C00C78837 /* AppDelegate.swift in Sources */ = {isa = PBXBuildFile; fileRef = 18BA2E292726E01C00C78837 /* AppDelegate.swift */; };
		18BA2E2E2726E01C00C78837 /* ViewController.swift in Sources */ = {isa = PBXBuildFile; fileRef = 18BA2E2D2726E01C00C78837 /* ViewController.swift */; };
		18BA2E312726E01C00C78837 /* Main.storyboard in Resources */ = {isa = PBXBuildFile; fileRef = 18BA2E2F2726E01C00C78837 /* Main.storyboard */; };
		18BA2E332726E01E00C78837 /* Assets.xcassets in Resources */ = {isa = PBXBuildFile; fileRef = 18BA2E322726E01E00C78837 /* Assets.xcassets */; };
		18BA2E362726E01E00C78837 /* LaunchScreen.storyboard in Resources */ = {isa = PBXBuildFile; fileRef = 18BA2E342726E01E00C78837 /* LaunchScreen.storyboard */; };
		18BA2E3E2726E9D700C78837 /* Gplayer.swift in Sources */ = {isa = PBXBuildFile; fileRef = 18BA2E3D2726E9D700C78837 /* Gplayer.swift */; };
		18BA2E402726E9F300C78837 /* AVPlayer+Extension.swift in Sources */ = {isa = PBXBuildFile; fileRef = 18BA2E3F2726E9F300C78837 /* AVPlayer+Extension.swift */; };
		18BA2E422726EA3E00C78837 /* VideoCollectionViewCell.swift in Sources */ = {isa = PBXBuildFile; fileRef = 18BA2E412726EA3E00C78837 /* VideoCollectionViewCell.swift */; };
/* End PBXBuildFile section */

/* Begin PBXFileReference section */
		18BA2E262726E01C00C78837 /* Instagram Reels UI.app */ = {isa = PBXFileReference; explicitFileType = wrapper.application; includeInIndex = 0; path = "Instagram Reels UI.app"; sourceTree = BUILT_PRODUCTS_DIR; };
		18BA2E292726E01C00C78837 /* AppDelegate.swift */ = {isa = PBXFileReference; lastKnownFileType = sourcecode.swift; path = AppDelegate.swift; sourceTree = "<group>"; };
		18BA2E2D2726E01C00C78837 /* ViewController.swift */ = {isa = PBXFileReference; lastKnownFileType = sourcecode.swift; path = ViewController.swift; sourceTree = "<group>"; };
		18BA2E302726E01C00C78837 /* Base */ = {isa = PBXFileReference; lastKnownFileType = file.storyboard; name = Base; path = Base.lproj/Main.storyboard; sourceTree = "<group>"; };
		18BA2E322726E01E00C78837 /* Assets.xcassets */ = {isa = PBXFileReference; lastKnownFileType = folder.assetcatalog; path = Assets.xcassets; sourceTree = "<group>"; };
		18BA2E352726E01E00C78837 /* Base */ = {isa = PBXFileReference; lastKnownFileType = file.storyboard; name = Base; path = Base.lproj/LaunchScreen.storyboard; sourceTree = "<group>"; };
		18BA2E372726E01E00C78837 /* Info.plist */ = {isa = PBXFileReference; lastKnownFileType = text.plist.xml; path = Info.plist; sourceTree = "<group>"; };
		18BA2E3D2726E9D700C78837 /* Gplayer.swift */ = {isa = PBXFileReference; lastKnownFileType = sourcecode.swift; path = Gplayer.swift; sourceTree = "<group>"; };
		18BA2E3F2726E9F300C78837 /* AVPlayer+Extension.swift */ = {isa = PBXFileReference; lastKnownFileType = sourcecode.swift; path = "AVPlayer+Extension.swift"; sourceTree = "<group>"; };
		18BA2E412726EA3E00C78837 /* VideoCollectionViewCell.swift */ = {isa = PBXFileReference; lastKnownFileType = sourcecode.swift; path = VideoCollectionViewCell.swift; sourceTree = "<group>"; };
/* End PBXFileReference section */

/* Begin PBXFrameworksBuildPhase section */
		18BA2E232726E01C00C78837 /* Frameworks */ = {
			isa = PBXFrameworksBuildPhase;
			buildActionMask = 2147483647;
			files = (
			);
			runOnlyForDeploymentPostprocessing = 0;
		};
/* End PBXFrameworksBuildPhase section */

/* Begin PBXGroup section */
		18BA2E1D2726E01C00C78837 = {
			isa = PBXGroup;
			children = (
				18BA2E282726E01C00C78837 /* Instagram Reels UI */,
				18BA2E272726E01C00C78837 /* Products */,
			);
			sourceTree = "<group>";
		};
		18BA2E272726E01C00C78837 /* Products */ = {
			isa = PBXGroup;
			children = (
				18BA2E262726E01C00C78837 /* Instagram Reels UI.app */,
			);
			name = Products;
			sourceTree = "<group>";
		};
		18BA2E282726E01C00C78837 /* Instagram Reels UI */ = {
			isa = PBXGroup;
			children = (
				18BA2E292726E01C00C78837 /* AppDelegate.swift */,
				18BA2E2D2726E01C00C78837 /* ViewController.swift */,
				18BA2E3D2726E9D700C78837 /* Gplayer.swift */,
				18BA2E3F2726E9F300C78837 /* AVPlayer+Extension.swift */,
				18BA2E412726EA3E00C78837 /* VideoCollectionViewCell.swift */,
				18BA2E2F2726E01C00C78837 /* Main.storyboard */,
				18BA2E322726E01E00C78837 /* Assets.xcassets */,
				18BA2E342726E01E00C78837 /* LaunchScreen.storyboard */,
				18BA2E372726E01E00C78837 /* Info.plist */,
			);
			path = "Instagram Reels UI";
			sourceTree = "<group>";
		};
/* End PBXGroup section */

/* Begin PBXNativeTarget section */
		18BA2E252726E01C00C78837 /* Instagram Reels UI */ = {
			isa = PBXNativeTarget;
			buildConfigurationList = 18BA2E3A2726E01E00C78837 /* Build configuration list for PBXNativeTarget "Instagram Reels UI" */;
			buildPhases = (
				18BA2E222726E01C00C78837 /* Sources */,
				18BA2E232726E01C00C78837 /* Frameworks */,
				18BA2E242726E01C00C78837 /* Resources */,
			);
			buildRules = (
			);
			dependencies = (
			);
			name = "Instagram Reels UI";
			productName = "Instagram Reels UI";
			productReference = 18BA2E262726E01C00C78837 /* Instagram Reels UI.app */;
			productType = "com.apple.product-type.application";
		};
/* End PBXNativeTarget section */

/* Begin PBXProject section */
		18BA2E1E2726E01C00C78837 /* Project object */ = {
			isa = PBXProject;
			attributes = {
				BuildIndependentTargetsInParallel = 1;
				LastSwiftUpdateCheck = 1300;
				LastUpgradeCheck = 1300;
				TargetAttributes = {
					18BA2E252726E01C00C78837 = {
						CreatedOnToolsVersion = 13.0;
					};
				};
			};
			buildConfigurationList = 18BA2E212726E01C00C78837 /* Build configuration list for PBXProject "Instagram Reels UI" */;
			compatibilityVersion = "Xcode 13.0";
			developmentRegion = en;
			hasScannedForEncodings = 0;
			knownRegions = (
				en,
				Base,
			);
			mainGroup = 18BA2E1D2726E01C00C78837;
			productRefGroup = 18BA2E272726E01C00C78837 /* Products */;
			projectDirPath = "";
			projectRoot = "";
			targets = (
				18BA2E252726E01C00C78837 /* Instagram Reels UI */,
			);
		};
/* End PBXProject section */

/* Begin PBXResourcesBuildPhase section */
		18BA2E242726E01C00C78837 /* Resources */ = {
			isa = PBXResourcesBuildPhase;
			buildActionMask = 2147483647;
			files = (
				18BA2E362726E01E00C78837 /* LaunchScreen.storyboard in Resources */,
				18BA2E332726E01E00C78837 /* Assets.xcassets in Resources */,
				18BA2E312726E01C00C78837 /* Main.storyboard in Resources */,
			);
			runOnlyForDeploymentPostprocessing = 0;
		};
/* End PBXResourcesBuildPhase section */

/* Begin PBXSourcesBuildPhase section */
		18BA2E222726E01C00C78837 /* Sources */ = {
			isa = PBXSourcesBuildPhase;
			buildActionMask = 2147483647;
			files = (
				18BA2E3E2726E9D700C78837 /* Gplayer.swift in Sources */,
				18BA2E2E2726E01C00C78837 /* ViewController.swift in Sources */,
				18BA2E2A2726E01C00C78837 /* AppDelegate.swift in Sources */,
				18BA2E422726EA3E00C78837 /* VideoCollectionViewCell.swift in Sources */,
				18BA2E402726E9F300C78837 /* AVPlayer+Extension.swift in Sources */,
			);
			runOnlyForDeploymentPostprocessing = 0;
		};
/* End PBXSourcesBuildPhase section */

/* Begin PBXVariantGroup section */
		18BA2E2F2726E01C00C78837 /* Main.storyboard */ = {
			isa = PBXVariantGroup;
			children = (
				18BA2E302726E01C00C78837 /* Base */,
			);
			name = Main.storyboard;
			sourceTree = "<group>";
		};
		18BA2E342726E01E00C78837 /* LaunchScreen.storyboard */ = {
			isa = PBXVariantGroup;
			children = (
				18BA2E352726E01E00C78837 /* Base */,
			);
			name = LaunchScreen.storyboard;
			sourceTree = "<group>";
		};
/* End PBXVariantGroup section */

/* Begin XCBuildConfiguration section */
		18BA2E382726E01E00C78837 /* Debug */ = {
			isa = XCBuildConfiguration;
			buildSettings = {
				ALWAYS_SEARCH_USER_PATHS = NO;
				CLANG_ANALYZER_NONNULL = YES;
				CLANG_ANALYZER_NUMBER_OBJECT_CONVERSION = YES_AGGRESSIVE;
				CLANG_CXX_LANGUAGE_STANDARD = "gnu++17";
				CLANG_CXX_LIBRARY = "libc++";
				CLANG_ENABLE_MODULES = YES;
				CLANG_ENABLE_OBJC_ARC = YES;
				CLANG_ENABLE_OBJC_WEAK = YES;
				CLANG_WARN_BLOCK_CAPTURE_AUTORELEASING = YES;
				CLANG_WARN_BOOL_CONVERSION = YES;
				CLANG_WARN_COMMA = YES;
				CLANG_WARN_CONSTANT_CONVERSION = YES;
				CLANG_WARN_DEPRECATED_OBJC_IMPLEMENTATIONS = YES;
				CLANG_WARN_DIRECT_OBJC_ISA_USAGE = YES_ERROR;
				CLANG_WARN_DOCUMENTATION_COMMENTS = YES;
				CLANG_WARN_EMPTY_BODY = YES;
				CLANG_WARN_ENUM_CONVERSION = YES;
				CLANG_WARN_INFINITE_RECURSION = YES;
				CLANG_WARN_INT_CONVERSION = YES;
				CLANG_WARN_NON_LITERAL_NULL_CONVERSION = YES;
				CLANG_WARN_OBJC_IMPLICIT_RETAIN_SELF = YES;
				CLANG_WARN_OBJC_LITERAL_CONVERSION = YES;
				CLANG_WARN_OBJC_ROOT_CLASS = YES_ERROR;
				CLANG_WARN_QUOTED_INCLUDE_IN_FRAMEWORK_HEADER = YES;
				CLANG_WARN_RANGE_LOOP_ANALYSIS = YES;
				CLANG_WARN_STRICT_PROTOTYPES = YES;
				CLANG_WARN_SUSPICIOUS_MOVE = YES;
				CLANG_WARN_UNGUARDED_AVAILABILITY = YES_AGGRESSIVE;
				CLANG_WARN_UNREACHABLE_CODE = YES;
				CLANG_WARN__DUPLICATE_METHOD_MATCH = YES;
				COPY_PHASE_STRIP = NO;
				DEBUG_INFORMATION_FORMAT = dwarf;
				ENABLE_STRICT_OBJC_MSGSEND = YES;
				ENABLE_TESTABILITY = YES;
				GCC_C_LANGUAGE_STANDARD = gnu11;
				GCC_DYNAMIC_NO_PIC = NO;
				GCC_NO_COMMON_BLOCKS = YES;
				GCC_OPTIMIZATION_LEVEL = 0;
				GCC_PREPROCESSOR_DEFINITIONS = (
					"DEBUG=1",
					"$(inherited)",
				);
				GCC_WARN_64_TO_32_BIT_CONVERSION = YES;
				GCC_WARN_ABOUT_RETURN_TYPE = YES_ERROR;
				GCC_WARN_UNDECLARED_SELECTOR = YES;
				GCC_WARN_UNINITIALIZED_AUTOS = YES_AGGRESSIVE;
				GCC_WARN_UNUSED_FUNCTION = YES;
				GCC_WARN_UNUSED_VARIABLE = YES;
				IPHONEOS_DEPLOYMENT_TARGET = 15.0;
				MTL_ENABLE_DEBUG_INFO = INCLUDE_SOURCE;
				MTL_FAST_MATH = YES;
				ONLY_ACTIVE_ARCH = YES;
				SDKROOT = iphoneos;
				SWIFT_ACTIVE_COMPILATION_CONDITIONS = DEBUG;
				SWIFT_OPTIMIZATION_LEVEL = "-Onone";
			};
			name = Debug;
		};
		18BA2E392726E01E00C78837 /* Release */ = {
			isa = XCBuildConfiguration;
			buildSettings = {
				ALWAYS_SEARCH_USER_PATHS = NO;
				CLANG_ANALYZER_NONNULL = YES;
				CLANG_ANALYZER_NUMBER_OBJECT_CONVERSION = YES_AGGRESSIVE;
				CLANG_CXX_LANGUAGE_STANDARD = "gnu++17";
				CLANG_CXX_LIBRARY = "libc++";
				CLANG_ENABLE_MODULES = YES;
				CLANG_ENABLE_OBJC_ARC = YES;
				CLANG_ENABLE_OBJC_WEAK = YES;
				CLANG_WARN_BLOCK_CAPTURE_AUTORELEASING = YES;
				CLANG_WARN_BOOL_CONVERSION = YES;
				CLANG_WARN_COMMA = YES;
				CLANG_WARN_CONSTANT_CONVERSION = YES;
				CLANG_WARN_DEPRECATED_OBJC_IMPLEMENTATIONS = YES;
				CLANG_WARN_DIRECT_OBJC_ISA_USAGE = YES_ERROR;
				CLANG_WARN_DOCUMENTATION_COMMENTS = YES;
				CLANG_WARN_EMPTY_BODY = YES;
				CLANG_WARN_ENUM_CONVERSION = YES;
				CLANG_WARN_INFINITE_RECURSION = YES;
				CLANG_WARN_INT_CONVERSION = YES;
				CLANG_WARN_NON_LITERAL_NULL_CONVERSION = YES;
				CLANG_WARN_OBJC_IMPLICIT_RETAIN_SELF = YES;
				CLANG_WARN_OBJC_LITERAL_CONVERSION = YES;
				CLANG_WARN_OBJC_ROOT_CLASS = YES_ERROR;
				CLANG_WARN_QUOTED_INCLUDE_IN_FRAMEWORK_HEADER = YES;
				CLANG_WARN_RANGE_LOOP_ANALYSIS = YES;
				CLANG_WARN_STRICT_PROTOTYPES = YES;
				CLANG_WARN_SUSPICIOUS_MOVE = YES;
				CLANG_WARN_UNGUARDED_AVAILABILITY = YES_AGGRESSIVE;
				CLANG_WARN_UNREACHABLE_CODE = YES;
				CLANG_WARN__DUPLICATE_METHOD_MATCH = YES;
				COPY_PHASE_STRIP = NO;
				DEBUG_INFORMATION_FORMAT = "dwarf-with-dsym";
				ENABLE_NS_ASSERTIONS = NO;
				ENABLE_STRICT_OBJC_MSGSEND = YES;
				GCC_C_LANGUAGE_STANDARD = gnu11;
				GCC_NO_COMMON_BLOCKS = YES;
				GCC_WARN_64_TO_32_BIT_CONVERSION = YES;
				GCC_WARN_ABOUT_RETURN_TYPE = YES_ERROR;
				GCC_WARN_UNDECLARED_SELECTOR = YES;
				GCC_WARN_UNINITIALIZED_AUTOS = YES_AGGRESSIVE;
				GCC_WARN_UNUSED_FUNCTION = YES;
				GCC_WARN_UNUSED_VARIABLE = YES;
				IPHONEOS_DEPLOYMENT_TARGET = 15.0;
				MTL_ENABLE_DEBUG_INFO = NO;
				MTL_FAST_MATH = YES;
				SDKROOT = iphoneos;
				SWIFT_COMPILATION_MODE = wholemodule;
				SWIFT_OPTIMIZATION_LEVEL = "-O";
				VALIDATE_PRODUCT = YES;
			};
			name = Release;
		};
		18BA2E3B2726E01E00C78837 /* Debug */ = {
			isa = XCBuildConfiguration;
			buildSettings = {
				ASSETCATALOG_COMPILER_APPICON_NAME = AppIcon;
				ASSETCATALOG_COMPILER_GLOBAL_ACCENT_COLOR_NAME = AccentColor;
				CODE_SIGN_STYLE = Automatic;
				CURRENT_PROJECT_VERSION = 1;
				DEVELOPMENT_TEAM = 9AU9N7XG22;
				GENERATE_INFOPLIST_FILE = YES;
				INFOPLIST_FILE = "Instagram Reels UI/Info.plist";
				INFOPLIST_KEY_UIApplicationSupportsIndirectInputEvents = YES;
				INFOPLIST_KEY_UILaunchStoryboardName = LaunchScreen;
				INFOPLIST_KEY_UIMainStoryboardFile = Main;
				INFOPLIST_KEY_UISupportedInterfaceOrientations_iPad = "UIInterfaceOrientationPortrait UIInterfaceOrientationPortraitUpsideDown UIInterfaceOrientationLandscapeLeft UIInterfaceOrientationLandscapeRight";
				INFOPLIST_KEY_UISupportedInterfaceOrientations_iPhone = "UIInterfaceOrientationPortrait UIInterfaceOrientationLandscapeLeft UIInterfaceOrientationLandscapeRight";
				LD_RUNPATH_SEARCH_PATHS = (
					"$(inherited)",
					"@executable_path/Frameworks",
				);
				MARKETING_VERSION = 1.0;
				PRODUCT_BUNDLE_IDENTIFIER = "com.giri.Instagram-Reels-UI";
				PRODUCT_NAME = "$(TARGET_NAME)";
				SWIFT_EMIT_LOC_STRINGS = YES;
				SWIFT_VERSION = 5.0;
				TARGETED_DEVICE_FAMILY = "1,2";
			};
			name = Debug;
		};
		18BA2E3C2726E01E00C78837 /* Release */ = {
			isa = XCBuildConfiguration;
			buildSettings = {
				ASSETCATALOG_COMPILER_APPICON_NAME = AppIcon;
				ASSETCATALOG_COMPILER_GLOBAL_ACCENT_COLOR_NAME = AccentColor;
				CODE_SIGN_STYLE = Automatic;
				CURRENT_PROJECT_VERSION = 1;
				DEVELOPMENT_TEAM = 9AU9N7XG22;
				GENERATE_INFOPLIST_FILE = YES;
				INFOPLIST_FILE = "Instagram Reels UI/Info.plist";
				INFOPLIST_KEY_UIApplicationSupportsIndirectInputEvents = YES;
				INFOPLIST_KEY_UILaunchStoryboardName = LaunchScreen;
				INFOPLIST_KEY_UIMainStoryboardFile = Main;
				INFOPLIST_KEY_UISupportedInterfaceOrientations_iPad = "UIInterfaceOrientationPortrait UIInterfaceOrientationPortraitUpsideDown UIInterfaceOrientationLandscapeLeft UIInterfaceOrientationLandscapeRight";
				INFOPLIST_KEY_UISupportedInterfaceOrientations_iPhone = "UIInterfaceOrientationPortrait UIInterfaceOrientationLandscapeLeft UIInterfaceOrientationLandscapeRight";
				LD_RUNPATH_SEARCH_PATHS = (
					"$(inherited)",
					"@executable_path/Frameworks",
				);
				MARKETING_VERSION = 1.0;
				PRODUCT_BUNDLE_IDENTIFIER = "com.giri.Instagram-Reels-UI";
				PRODUCT_NAME = "$(TARGET_NAME)";
				SWIFT_EMIT_LOC_STRINGS = YES;
				SWIFT_VERSION = 5.0;
				TARGETED_DEVICE_FAMILY = "1,2";
			};
			name = Release;
		};
/* End XCBuildConfiguration section */

/* Begin XCConfigurationList section */
		18BA2E212726E01C00C78837 /* Build configuration list for PBXProject "Instagram Reels UI" */ = {
			isa = XCConfigurationList;
			buildConfigurations = (
				18BA2E382726E01E00C78837 /* Debug */,
				18BA2E392726E01E00C78837 /* Release */,
			);
			defaultConfigurationIsVisible = 0;
			defaultConfigurationName = Release;
		};
		18BA2E3A2726E01E00C78837 /* Build configuration list for PBXNativeTarget "Instagram Reels UI" */ = {
			isa = XCConfigurationList;
			buildConfigurations = (
				18BA2E3B2726E01E00C78837 /* Debug */,
				18BA2E3C2726E01E00C78837 /* Release */,
			);
			defaultConfigurationIsVisible = 0;
			defaultConfigurationName = Release;
		};
/* End XCConfigurationList section */
	};
	rootObject = 18BA2E1E2726E01C00C78837 /* Project object */;
}
